{
    "_meta": {
        "hash": {
            "sha256": "1a1d41366efd3849a6a0a9799e01df65b3a1af6adedf769212f5d18105820388"
        },
        "host-environment-markers": {
            "implementation_name": "cpython",
            "implementation_version": "3.6.3",
            "os_name": "posix",
            "platform_machine": "x86_64",
            "platform_python_implementation": "CPython",
            "platform_release": "4.13.0-32-generic",
            "platform_system": "Linux",
            "platform_version": "#35-Ubuntu SMP Thu Jan 25 09:13:46 UTC 2018",
            "python_full_version": "3.6.3",
            "python_version": "3.6",
            "sys_platform": "linux"
        },
        "pipfile-spec": 6,
        "requires": {},
        "sources": [
            {
                "name": "pypi",
                "url": "https://pypi.python.org/simple",
                "verify_ssl": true
            }
        ]
    },
    "default": {
        "certifi": {
            "hashes": [],
            "version": "==2018.1.18"
        },
        "chardet": {
            "hashes": [],
            "version": "==3.0.4"
        },
        "click": {
            "hashes": [],
            "version": "==6.7"
        },
        "compound-jsonapi": {
            "hashes": [],
            "version": "==1.0.1"
        },
        "cymem": {
            "hashes": [],
            "version": "==1.31.2"
        },
        "cytoolz": {
            "hashes": [],
            "version": "==0.8.2"
        },
        "decorator": {
            "hashes": [],
            "version": "==4.2.1"
        },
        "dill": {
            "hashes": [],
            "version": "==0.2.7.1"
        },
        "formencode": {
            "hashes": [],
            "version": "==1.3.1"
        },
        "ftfy": {
            "hashes": [],
            "version": "==4.4.3"
        },
        "html5lib": {
            "hashes": [],
            "version": "==1.0b8"
        },
        "hupper": {
            "hashes": [],
            "version": "==1.0"
        },
        "idna": {
            "hashes": [],
            "version": "==2.6"
        },
        "kajiki": {
            "hashes": [],
            "version": "==0.7.1"
        },
        "mako": {
            "hashes": [],
            "version": "==1.0.7"
        },
        "markupsafe": {
            "hashes": [],
            "version": "==1.0"
        },
        "marshmallow": {
            "hashes": [],
            "version": "==3.0.0b7"
        },
        "msgpack-numpy": {
            "hashes": [],
            "version": "==0.4.1"
        },
        "msgpack-python": {
            "hashes": [],
            "version": "==0.5.4"
        },
        "murmurhash": {
            "hashes": [],
            "version": "==0.28.0"
        },
        "nine": {
            "hashes": [],
            "version": "==1.0.0"
        },
        "numpy": {
            "hashes": [],
            "version": "==1.14.1"
        },
        "pastedeploy": {
            "hashes": [],
            "version": "==1.5.2"
        },
        "pathlib": {
            "hashes": [],
            "version": "==1.0.1"
        },
        "plac": {
            "hashes": [],
            "version": "==0.9.6"
        },
        "plaster": {
            "hashes": [],
            "version": "==1.0"
        },
        "plaster-pastedeploy": {
            "hashes": [],
            "version": "==0.4.2"
        },
        "preshed": {
            "hashes": [],
            "version": "==1.0.0"
        },
        "pygments": {
            "hashes": [],
            "version": "==2.2.0"
        },
        "pyramid": {
            "hashes": [],
            "version": "==1.9.1"
        },
        "pyramid-debugtoolbar": {
            "hashes": [],
            "version": "==4.4"
        },
        "pyramid-mako": {
            "hashes": [],
            "version": "==1.0.2"
        },
        "pyramid-retry": {
            "hashes": [],
            "version": "==0.5"
        },
        "pyramid-tm": {
            "hashes": [],
            "version": "==2.2"
        },
        "pywebtools": {
            "hashes": [],
            "version": "==1.1.3"
        },
        "regex": {
            "hashes": [],
            "version": "==2017.4.5"
        },
        "repoze.lru": {
            "hashes": [],
            "version": "==0.7"
        },
        "requests": {
            "hashes": [],
            "version": "==2.18.4"
        },
        "six": {
            "hashes": [],
            "version": "==1.11.0"
        },
        "spacy": {
            "hashes": [],
            "version": "==2.0.8"
        },
        "sqlalchemy": {
            "hashes": [],
            "version": "==1.2.3"
        },
        "termcolor": {
            "hashes": [],
            "version": "==1.1.0"
        },
        "thinc": {
            "hashes": [],
            "version": "==6.10.2"
        },
        "toolz": {
            "hashes": [],
            "version": "==0.9.0"
        },
        "tqdm": {
            "hashes": [],
            "version": "==4.19.5"
        },
        "transaction": {
            "hashes": [],
            "version": "==2.1.2"
        },
        "translationstring": {
            "hashes": [],
            "version": "==1.3"
        },
        "ujson": {
            "hashes": [],
            "version": "==1.35"
        },
        "urllib3": {
            "hashes": [],
            "version": "==1.22"
        },
        "venusian": {
            "hashes": [],
            "version": "==1.1.0"
        },
        "waitress": {
            "hashes": [],
            "version": "==1.1.0"
        },
        "wcwidth": {
            "hashes": [],
            "version": "==0.1.7"
        },
        "webob": {
            "hashes": [],
            "version": "==1.8.0rc1"
        },
        "wrapt": {
            "hashes": [],
            "version": "==1.10.11"
        },
        "zope.deprecation": {
            "hashes": [],
            "version": "==4.3.0"
        },
        "zope.interface": {
            "hashes": [],
            "version": "==4.4.3"
        },
        "zope.sqlalchemy": {
            "hashes": [],
            "version": "==1.0"
        }
    },
    "develop": {
        "attrs": {
            "hashes": [],
            "version": "==17.4.0"
        },
        "beautifulsoup4": {
            "hashes": [],
            "version": "==4.6.0"
        },
        "coverage": {
            "hashes": [],
            "version": "==4.5.1"
        },
        "e1839a8": {
            "editable": true,
            "path": "."
        },
        "pluggy": {
            "hashes": [],
            "version": "==0.6.0"
        },
        "py": {
            "hashes": [],
            "version": "==1.5.2"
        },
        "pytest": {
            "hashes": [],
            "version": "==3.4.1"
        },
        "pytest-cov": {
            "hashes": [],
            "version": "==2.5.1"
        },
        "six": {
            "hashes": [],
            "version": "==1.11.0"
        },
        "waitress": {
            "hashes": [],
            "version": "==1.1.0"
        },
        "webob": {
            "hashes": [],
            "version": "==1.7.4"
        },
        "webtest": {
            "hashes": [],
            "version": "==2.0.29"
        }
    }
}
