[[package]]
category = "main"
description = "Composable command line interface toolkit"
name = "click"
optional = false
python-versions = ">=2.7, !=3.0.*, !=3.1.*, !=3.2.*, !=3.3.*, !=3.4.*"
version = "7.1.2"

[[package]]
category = "main"
description = "Integrated process monitor for developing and reloading daemons."
name = "hupper"
optional = false
python-versions = ">=2.7,!=3.0.*,!=3.1.*,!=3.2.*,!=3.3.*"
version = "1.10.2"

[package.extras]
docs = ["watchdog", "sphinx", "pylons-sphinx-themes"]
testing = ["watchdog", "pytest", "pytest-cov", "mock"]

[[package]]
category = "main"
description = "A very fast and expressive template engine."
name = "jinja2"
optional = false
python-versions = ">=2.7, !=3.0.*, !=3.1.*, !=3.2.*, !=3.3.*, !=3.4.*"
version = "2.11.2"

[package.dependencies]
MarkupSafe = ">=0.23"

[package.extras]
i18n = ["Babel (>=0.8)"]

[[package]]
category = "main"
description = "Safely add untrusted strings to HTML/XML markup."
name = "markupsafe"
optional = false
python-versions = ">=2.7,!=3.0.*,!=3.1.*,!=3.2.*,!=3.3.*"
version = "1.1.1"

[[package]]
category = "main"
description = "Load, configure, and compose WSGI applications and servers"
name = "pastedeploy"
optional = false
python-versions = "*"
version = "2.1.1"

[package.dependencies]
setuptools = "*"

[package.extras]
docs = ["Sphinx (>=1.7.5)", "pylons-sphinx-themes"]
paste = ["paste"]

[[package]]
category = "main"
description = "A loader interface around multiple config file formats."
name = "plaster"
optional = false
python-versions = ">=2.7,!=3.0.*,!=3.1.*,!=3.2.*,!=3.3.*"
version = "1.0"

[package.dependencies]
setuptools = "*"

[package.extras]
docs = ["sphinx", "pylons-sphinx-themes"]
testing = ["pytest", "pytest-cov"]

[[package]]
category = "main"
description = "A loader implementing the PasteDeploy syntax to be used by plaster."
name = "plaster-pastedeploy"
optional = false
python-versions = ">=2.7,!=3.0.*,!=3.1.*,!=3.2.*,!=3.3.*"
version = "0.7"

[package.dependencies]
PasteDeploy = ">=2.0"
plaster = ">=0.5"

[package.extras]
testing = ["pytest", "pytest-cov"]

[[package]]
category = "main"
description = "The Pyramid Web Framework, a Pylons project"
name = "pyramid"
optional = false
python-versions = ">=2.7,!=3.0.*,!=3.1.*,!=3.2.*,!=3.3.*"
version = "1.10.4"

[package.dependencies]
hupper = ">=1.5"
plaster = "*"
plaster-pastedeploy = "*"
setuptools = "*"
translationstring = ">=0.4"
venusian = ">=1.0"
webob = ">=1.8.3"
"zope.deprecation" = ">=3.5.0"
"zope.interface" = ">=3.8.0"

[package.extras]
docs = ["Sphinx (>=1.8.1)", "docutils", "pylons-sphinx-themes (>=1.0.8)", "pylons-sphinx-latesturl", "repoze.sphinx.autointerface", "sphinxcontrib-autoprogram"]
testing = ["webtest (>=1.3.1)", "zope.component (>=4.0)", "coverage", "nose", "virtualenv"]

[[package]]
category = "main"
description = "Jinja2 template bindings for the Pyramid web framework"
name = "pyramid-jinja2"
optional = false
python-versions = "*"
version = "2.8"

[package.dependencies]
Jinja2 = ">=2.5.0"
MarkupSafe = "*"
pyramid = ">=1.3.0"
"zope.deprecation" = "*"

[package.extras]
docs = ["pylons-sphinx-themes (>=0.3)", "Sphinx (>=1.7.5)"]
testing = ["coverage", "nose (>=1.2.0)", "webtest"]

[[package]]
category = "main"
description = "A package which allows Pyramid requests to join the active transaction"
name = "pyramid-tm"
optional = false
python-versions = "*"
version = "2.4"

[package.dependencies]
pyramid = ">=1.5"
transaction = ">=2.0"

[package.extras]
docs = ["sphinx", "pylons-sphinx-themes"]
testing = ["webtest", "nose", "coverage"]

[[package]]
category = "main"
description = "Database Abstraction Library"
name = "sqlalchemy"
optional = false
python-versions = ">=2.7, !=3.0.*, !=3.1.*, !=3.2.*, !=3.3.*"
version = "1.3.20"

[package.extras]
mssql = ["pyodbc"]
mssql_pymssql = ["pymssql"]
mssql_pyodbc = ["pyodbc"]
mysql = ["mysqlclient"]
oracle = ["cx-oracle"]
postgresql = ["psycopg2"]
postgresql_pg8000 = ["pg8000"]
postgresql_psycopg2binary = ["psycopg2-binary"]
postgresql_psycopg2cffi = ["psycopg2cffi"]
pymysql = ["pymysql"]

[[package]]
category = "main"
description = "Transaction management for Python"
name = "transaction"
optional = false
python-versions = "*"
version = "3.0.0"

[package.dependencies]
"zope.interface" = "*"

[package.extras]
docs = ["sphinx", "repoze.sphinx.autointerface"]
test = ["mock"]
testing = ["nose", "coverage", "mock"]

[[package]]
category = "main"
description = "Utility library for i18n relied on by various Repoze and Pyramid packages"
name = "translationstring"
optional = false
python-versions = "*"
version = "1.4"

[package.extras]
docs = ["Sphinx (>=1.3.1)", "docutils", "pylons-sphinx-themes"]

[[package]]
category = "main"
description = "A library for deferring decorator actions"
name = "venusian"
optional = false
python-versions = ">=3.5"
version = "3.0.0"

[package.extras]
docs = ["sphinx", "repoze.sphinx.autointerface"]
testing = ["pytest", "pytest-cov", "coverage"]

[[package]]
category = "main"
description = "Waitress WSGI server"
name = "waitress"
optional = false
python-versions = "!=3.0.*,!=3.1.*,!=3.2.*,!=3.3.*,!=3.4.*,>=2.7"
version = "1.4.4"

[package.extras]
docs = ["Sphinx (>=1.8.1)", "docutils", "pylons-sphinx-themes (>=1.0.9)"]
testing = ["pytest", "pytest-cover", "coverage (>=5.0)"]

[[package]]
category = "main"
description = "WSGI request and response object"
name = "webob"
optional = false
python-versions = ">=2.7,!=3.0.*,!=3.1.*,!=3.2.*"
version = "1.8.6"

[package.extras]
docs = ["Sphinx (>=1.7.5)", "pylons-sphinx-themes"]
testing = ["pytest (>=3.1.0)", "coverage", "pytest-cov", "pytest-xdist"]

[[package]]
category = "main"
description = "Minimal Zope/SQLAlchemy transaction integration"
name = "zope-sqlalchemy"
optional = false
python-versions = "*"
version = "1.3"

[package.dependencies]
SQLAlchemy = ">=0.7"
setuptools = "*"
transaction = ">=1.6.0"
"zope.interface" = ">=3.6.0"

[package.extras]
test = ["zope.testing"]

[[package]]
category = "main"
description = "Zope Deprecation Infrastructure"
name = "zope.deprecation"
optional = false
python-versions = "*"
version = "4.4.0"

[package.dependencies]
setuptools = "*"

[package.extras]
docs = ["sphinx"]
test = ["zope.testrunner"]

[[package]]
category = "main"
description = "Interfaces for Python"
name = "zope.interface"
optional = false
python-versions = ">=2.7, !=3.0.*, !=3.1.*, !=3.2.*, !=3.3.*, !=3.4.*"
version = "5.1.2"

[package.dependencies]
setuptools = "*"

[package.extras]
docs = ["sphinx", "repoze.sphinx.autointerface"]
test = ["coverage (>=5.0.3)", "zope.event", "zope.testing"]
testing = ["coverage (>=5.0.3)", "zope.event", "zope.testing"]

[metadata]
content-hash = "1b70c3c3a4dd2f1e76313535ae3697a36f5468fd178178d495ccc7a88b8cada6"
lock-version = "1.0"
python-versions = "^3.7"

[metadata.files]
click = [
    {file = "click-7.1.2-py2.py3-none-any.whl", hash = "sha256:dacca89f4bfadd5de3d7489b7c8a566eee0d3676333fbb50030263894c38c0dc"},
    {file = "click-7.1.2.tar.gz", hash = "sha256:d2b5255c7c6349bc1bd1e59e08cd12acbbd63ce649f2588755783aa94dfb6b1a"},
]
hupper = [
    {file = "hupper-1.10.2-py2.py3-none-any.whl", hash = "sha256:5de835f3b58324af2a8a16f52270c4d1a3d1734c45eed94b77fd622aea737f29"},
    {file = "hupper-1.10.2.tar.gz", hash = "sha256:3818f53dabc24da66f65cf4878c1c7a9b5df0c46b813e014abdd7c569eb9a02a"},
]
jinja2 = [
    {file = "Jinja2-2.11.2-py2.py3-none-any.whl", hash = "sha256:f0a4641d3cf955324a89c04f3d94663aa4d638abe8f733ecd3582848e1c37035"},
    {file = "Jinja2-2.11.2.tar.gz", hash = "sha256:89aab215427ef59c34ad58735269eb58b1a5808103067f7bb9d5836c651b3bb0"},
]
markupsafe = [
    {file = "MarkupSafe-1.1.1-cp27-cp27m-macosx_10_6_intel.whl", hash = "sha256:09027a7803a62ca78792ad89403b1b7a73a01c8cb65909cd876f7fcebd79b161"},
    {file = "MarkupSafe-1.1.1-cp27-cp27m-manylinux1_i686.whl", hash = "sha256:e249096428b3ae81b08327a63a485ad0878de3fb939049038579ac0ef61e17e7"},
    {file = "MarkupSafe-1.1.1-cp27-cp27m-manylinux1_x86_64.whl", hash = "sha256:500d4957e52ddc3351cabf489e79c91c17f6e0899158447047588650b5e69183"},
    {file = "MarkupSafe-1.1.1-cp27-cp27m-win32.whl", hash = "sha256:b2051432115498d3562c084a49bba65d97cf251f5a331c64a12ee7e04dacc51b"},
    {file = "MarkupSafe-1.1.1-cp27-cp27m-win_amd64.whl", hash = "sha256:98c7086708b163d425c67c7a91bad6e466bb99d797aa64f965e9d25c12111a5e"},
    {file = "MarkupSafe-1.1.1-cp27-cp27mu-manylinux1_i686.whl", hash = "sha256:cd5df75523866410809ca100dc9681e301e3c27567cf498077e8551b6d20e42f"},
    {file = "MarkupSafe-1.1.1-cp27-cp27mu-manylinux1_x86_64.whl", hash = "sha256:43a55c2930bbc139570ac2452adf3d70cdbb3cfe5912c71cdce1c2c6bbd9c5d1"},
    {file = "MarkupSafe-1.1.1-cp34-cp34m-macosx_10_6_intel.whl", hash = "sha256:1027c282dad077d0bae18be6794e6b6b8c91d58ed8a8d89a89d59693b9131db5"},
    {file = "MarkupSafe-1.1.1-cp34-cp34m-manylinux1_i686.whl", hash = "sha256:62fe6c95e3ec8a7fad637b7f3d372c15ec1caa01ab47926cfdf7a75b40e0eac1"},
    {file = "MarkupSafe-1.1.1-cp34-cp34m-manylinux1_x86_64.whl", hash = "sha256:88e5fcfb52ee7b911e8bb6d6aa2fd21fbecc674eadd44118a9cc3863f938e735"},
    {file = "MarkupSafe-1.1.1-cp34-cp34m-win32.whl", hash = "sha256:ade5e387d2ad0d7ebf59146cc00c8044acbd863725f887353a10df825fc8ae21"},
    {file = "MarkupSafe-1.1.1-cp34-cp34m-win_amd64.whl", hash = "sha256:09c4b7f37d6c648cb13f9230d847adf22f8171b1ccc4d5682398e77f40309235"},
    {file = "MarkupSafe-1.1.1-cp35-cp35m-macosx_10_6_intel.whl", hash = "sha256:79855e1c5b8da654cf486b830bd42c06e8780cea587384cf6545b7d9ac013a0b"},
    {file = "MarkupSafe-1.1.1-cp35-cp35m-manylinux1_i686.whl", hash = "sha256:c8716a48d94b06bb3b2524c2b77e055fb313aeb4ea620c8dd03a105574ba704f"},
    {file = "MarkupSafe-1.1.1-cp35-cp35m-manylinux1_x86_64.whl", hash = "sha256:7c1699dfe0cf8ff607dbdcc1e9b9af1755371f92a68f706051cc8c37d447c905"},
    {file = "MarkupSafe-1.1.1-cp35-cp35m-win32.whl", hash = "sha256:6dd73240d2af64df90aa7c4e7481e23825ea70af4b4922f8ede5b9e35f78a3b1"},
    {file = "MarkupSafe-1.1.1-cp35-cp35m-win_amd64.whl", hash = "sha256:9add70b36c5666a2ed02b43b335fe19002ee5235efd4b8a89bfcf9005bebac0d"},
    {file = "MarkupSafe-1.1.1-cp36-cp36m-macosx_10_6_intel.whl", hash = "sha256:24982cc2533820871eba85ba648cd53d8623687ff11cbb805be4ff7b4c971aff"},
    {file = "MarkupSafe-1.1.1-cp36-cp36m-manylinux1_i686.whl", hash = "sha256:00bc623926325b26bb9605ae9eae8a215691f33cae5df11ca5424f06f2d1f473"},
    {file = "MarkupSafe-1.1.1-cp36-cp36m-manylinux1_x86_64.whl", hash = "sha256:717ba8fe3ae9cc0006d7c451f0bb265ee07739daf76355d06366154ee68d221e"},
    {file = "MarkupSafe-1.1.1-cp36-cp36m-win32.whl", hash = "sha256:535f6fc4d397c1563d08b88e485c3496cf5784e927af890fb3c3aac7f933ec66"},
    {file = "MarkupSafe-1.1.1-cp36-cp36m-win_amd64.whl", hash = "sha256:b1282f8c00509d99fef04d8ba936b156d419be841854fe901d8ae224c59f0be5"},
    {file = "MarkupSafe-1.1.1-cp37-cp37m-macosx_10_6_intel.whl", hash = "sha256:8defac2f2ccd6805ebf65f5eeb132adcf2ab57aa11fdf4c0dd5169a004710e7d"},
    {file = "MarkupSafe-1.1.1-cp37-cp37m-manylinux1_i686.whl", hash = "sha256:46c99d2de99945ec5cb54f23c8cd5689f6d7177305ebff350a58ce5f8de1669e"},
    {file = "MarkupSafe-1.1.1-cp37-cp37m-manylinux1_x86_64.whl", hash = "sha256:ba59edeaa2fc6114428f1637ffff42da1e311e29382d81b339c1817d37ec93c6"},
    {file = "MarkupSafe-1.1.1-cp37-cp37m-win32.whl", hash = "sha256:b00c1de48212e4cc9603895652c5c410df699856a2853135b3967591e4beebc2"},
    {file = "MarkupSafe-1.1.1-cp37-cp37m-win_amd64.whl", hash = "sha256:9bf40443012702a1d2070043cb6291650a0841ece432556f784f004937f0f32c"},
    {file = "MarkupSafe-1.1.1-cp38-cp38-macosx_10_9_x86_64.whl", hash = "sha256:6788b695d50a51edb699cb55e35487e430fa21f1ed838122d722e0ff0ac5ba15"},
    {file = "MarkupSafe-1.1.1-cp38-cp38-manylinux1_i686.whl", hash = "sha256:cdb132fc825c38e1aeec2c8aa9338310d29d337bebbd7baa06889d09a60a1fa2"},
    {file = "MarkupSafe-1.1.1-cp38-cp38-manylinux1_x86_64.whl", hash = "sha256:13d3144e1e340870b25e7b10b98d779608c02016d5184cfb9927a9f10c689f42"},
    {file = "MarkupSafe-1.1.1-cp38-cp38-win32.whl", hash = "sha256:596510de112c685489095da617b5bcbbac7dd6384aeebeda4df6025d0256a81b"},
    {file = "MarkupSafe-1.1.1-cp38-cp38-win_amd64.whl", hash = "sha256:e8313f01ba26fbbe36c7be1966a7b7424942f670f38e666995b88d012765b9be"},
    {file = "MarkupSafe-1.1.1.tar.gz", hash = "sha256:29872e92839765e546828bb7754a68c418d927cd064fd4708fab9fe9c8bb116b"},
]
pastedeploy = [
    {file = "PasteDeploy-2.1.1-py2.py3-none-any.whl", hash = "sha256:14923cfd6ad4281b570693afc278bab5076fbdd4cd15aa9d99b042d694aa4217"},
    {file = "PasteDeploy-2.1.1.tar.gz", hash = "sha256:6dead6ab9823a85d585ef27f878bc647f787edb9ca8da0716aa9f1261b464817"},
]
plaster = [
    {file = "plaster-1.0-py2.py3-none-any.whl", hash = "sha256:215c921a438b5349931fd7df9a5a11a3572947f20f4bc6dd622ac08f1c3ba249"},
    {file = "plaster-1.0.tar.gz", hash = "sha256:8351c7c7efdf33084c1de88dd0f422cbe7342534537b553c49b857b12d98c8c3"},
]
plaster-pastedeploy = [
    {file = "plaster_pastedeploy-0.7-py2.py3-none-any.whl", hash = "sha256:7c8aa37c917b615c70bf942b24dc1e0455c49f62f1a2214b1a0dd98871644bbb"},
    {file = "plaster_pastedeploy-0.7.tar.gz", hash = "sha256:391d93a4e1ff81fc3bae27508ebb765b61f1724ae6169f83577f06b6357be7fd"},
]
pyramid = [
    {file = "pyramid-1.10.4-py2.py3-none-any.whl", hash = "sha256:51bf64647345237c00d2fe558935e0e4938c156e29f17e203457fd8e1d757dc7"},
    {file = "pyramid-1.10.4.tar.gz", hash = "sha256:d80ccb8cfa550139b50801591d4ca8a5575334adb493c402fce2312f55d07d66"},
]
pyramid-jinja2 = [
    {file = "pyramid_jinja2-2.8-py2.py3-none-any.whl", hash = "sha256:c7ce77a2ec5cfb7b29c9eabec9e5c167698d13adb2524c0c47cc6fe6a0a09ab1"},
    {file = "pyramid_jinja2-2.8.tar.gz", hash = "sha256:81e0615cb3108f2a251ff3141ad0d698a5d03685819f3a836ea84787e8489502"},
]
pyramid-tm = [
    {file = "pyramid_tm-2.4-py2.py3-none-any.whl", hash = "sha256:4a4e212cd239f06c496d074f5d294e88478b94059541448bc151d505f653be59"},
    {file = "pyramid_tm-2.4.tar.gz", hash = "sha256:5fd6d4ac9181a65ec54e5b280229ed6d8b3ed6a8f5a0bcff05c572751f086533"},
]
sqlalchemy = [
    {file = "SQLAlchemy-1.3.20-cp27-cp27m-macosx_10_14_x86_64.whl", hash = "sha256:bad73f9888d30f9e1d57ac8829f8a12091bdee4949b91db279569774a866a18e"},
    {file = "SQLAlchemy-1.3.20-cp27-cp27m-manylinux1_x86_64.whl", hash = "sha256:e32e3455db14602b6117f0f422f46bc297a3853ae2c322ecd1e2c4c04daf6ed5"},
    {file = "SQLAlchemy-1.3.20-cp27-cp27m-manylinux2010_x86_64.whl", hash = "sha256:5cdfe54c1e37279dc70d92815464b77cd8ee30725adc9350f06074f91dbfeed2"},
    {file = "SQLAlchemy-1.3.20-cp27-cp27m-win32.whl", hash = "sha256:2e9bd5b23bba8ae8ce4219c9333974ff5e103c857d9ff0e4b73dc4cb244c7d86"},
    {file = "SQLAlchemy-1.3.20-cp27-cp27m-win_amd64.whl", hash = "sha256:5d92c18458a4aa27497a986038d5d797b5279268a2de303cd00910658e8d149c"},
    {file = "SQLAlchemy-1.3.20-cp27-cp27mu-manylinux1_x86_64.whl", hash = "sha256:53fd857c6c8ffc0aa6a5a3a2619f6a74247e42ec9e46b836a8ffa4abe7aab327"},
    {file = "SQLAlchemy-1.3.20-cp27-cp27mu-manylinux2010_x86_64.whl", hash = "sha256:0a92745bb1ebbcb3985ed7bda379b94627f0edbc6c82e9e4bac4fb5647ae609a"},
    {file = "SQLAlchemy-1.3.20-cp35-cp35m-macosx_10_14_x86_64.whl", hash = "sha256:b6f036ecc017ec2e2cc2a40615b41850dc7aaaea6a932628c0afc73ab98ba3fb"},
    {file = "SQLAlchemy-1.3.20-cp35-cp35m-manylinux1_x86_64.whl", hash = "sha256:3aa6d45e149a16aa1f0c46816397e12313d5e37f22205c26e06975e150ffcf2a"},
    {file = "SQLAlchemy-1.3.20-cp35-cp35m-manylinux2010_x86_64.whl", hash = "sha256:ed53209b5f0f383acb49a927179fa51a6e2259878e164273ebc6815f3a752465"},
    {file = "SQLAlchemy-1.3.20-cp35-cp35m-manylinux2014_aarch64.whl", hash = "sha256:d3b709d64b5cf064972b3763b47139e4a0dc4ae28a36437757f7663f67b99710"},
    {file = "SQLAlchemy-1.3.20-cp35-cp35m-win32.whl", hash = "sha256:950f0e17ffba7a7ceb0dd056567bc5ade22a11a75920b0e8298865dc28c0eff6"},
    {file = "SQLAlchemy-1.3.20-cp35-cp35m-win_amd64.whl", hash = "sha256:8dcbf377529a9af167cbfc5b8acec0fadd7c2357fc282a1494c222d3abfc9629"},
    {file = "SQLAlchemy-1.3.20-cp36-cp36m-macosx_10_14_x86_64.whl", hash = "sha256:0157c269701d88f5faf1fa0e4560e4d814f210c01a5b55df3cab95e9346a8bcc"},
    {file = "SQLAlchemy-1.3.20-cp36-cp36m-manylinux1_x86_64.whl", hash = "sha256:7cd40cb4bc50d9e87b3540b23df6e6b24821ba7e1f305c1492b0806c33dbdbec"},
    {file = "SQLAlchemy-1.3.20-cp36-cp36m-manylinux2010_x86_64.whl", hash = "sha256:c092fe282de83d48e64d306b4bce03114859cdbfe19bf8a978a78a0d44ddadb1"},
    {file = "SQLAlchemy-1.3.20-cp36-cp36m-manylinux2014_aarch64.whl", hash = "sha256:166917a729b9226decff29416f212c516227c2eb8a9c9f920d69ced24e30109f"},
    {file = "SQLAlchemy-1.3.20-cp36-cp36m-win32.whl", hash = "sha256:632b32183c0cb0053194a4085c304bc2320e5299f77e3024556fa2aa395c2a8b"},
    {file = "SQLAlchemy-1.3.20-cp36-cp36m-win_amd64.whl", hash = "sha256:bbc58fca72ce45a64bb02b87f73df58e29848b693869e58bd890b2ddbb42d83b"},
    {file = "SQLAlchemy-1.3.20-cp37-cp37m-macosx_10_14_x86_64.whl", hash = "sha256:b15002b9788ffe84e42baffc334739d3b68008a973d65fad0a410ca5d0531980"},
    {file = "SQLAlchemy-1.3.20-cp37-cp37m-manylinux1_x86_64.whl", hash = "sha256:9e379674728f43a0cd95c423ac0e95262500f9bfd81d33b999daa8ea1756d162"},
    {file = "SQLAlchemy-1.3.20-cp37-cp37m-manylinux2010_x86_64.whl", hash = "sha256:2b5dafed97f778e9901b79cc01b88d39c605e0545b4541f2551a2fd785adc15b"},
    {file = "SQLAlchemy-1.3.20-cp37-cp37m-manylinux2014_aarch64.whl", hash = "sha256:fcdb3755a7c355bc29df1b5e6fb8226d5c8b90551d202d69d0076a8a5649d68b"},
    {file = "SQLAlchemy-1.3.20-cp37-cp37m-win32.whl", hash = "sha256:bca4d367a725694dae3dfdc86cf1d1622b9f414e70bd19651f5ac4fb3aa96d61"},
    {file = "SQLAlchemy-1.3.20-cp37-cp37m-win_amd64.whl", hash = "sha256:f605f348f4e6a2ba00acb3399c71d213b92f27f2383fc4abebf7a37368c12142"},
    {file = "SQLAlchemy-1.3.20-cp38-cp38-macosx_10_14_x86_64.whl", hash = "sha256:84f0ac4a09971536b38cc5d515d6add7926a7e13baa25135a1dbb6afa351a376"},
    {file = "SQLAlchemy-1.3.20-cp38-cp38-manylinux1_x86_64.whl", hash = "sha256:2909dffe5c9a615b7e6c92d1ac2d31e3026dc436440a4f750f4749d114d88ceb"},
    {file = "SQLAlchemy-1.3.20-cp38-cp38-manylinux2010_x86_64.whl", hash = "sha256:c3ab23ee9674336654bf9cac30eb75ac6acb9150dc4b1391bec533a7a4126471"},
    {file = "SQLAlchemy-1.3.20-cp38-cp38-manylinux2014_aarch64.whl", hash = "sha256:009e8388d4d551a2107632921320886650b46332f61dc935e70c8bcf37d8e0d6"},
    {file = "SQLAlchemy-1.3.20-cp38-cp38-win32.whl", hash = "sha256:bf53d8dddfc3e53a5bda65f7f4aa40fae306843641e3e8e701c18a5609471edf"},
    {file = "SQLAlchemy-1.3.20-cp38-cp38-win_amd64.whl", hash = "sha256:7c735c7a6db8ee9554a3935e741cf288f7dcbe8706320251eb38c412e6a4281d"},
    {file = "SQLAlchemy-1.3.20-cp39-cp39-macosx_10_14_x86_64.whl", hash = "sha256:4bdbdb8ca577c6c366d15791747c1de6ab14529115a2eb52774240c412a7b403"},
    {file = "SQLAlchemy-1.3.20-cp39-cp39-manylinux1_x86_64.whl", hash = "sha256:ce64a44c867d128ab8e675f587aae7f61bd2db836a3c4ba522d884cd7c298a77"},
    {file = "SQLAlchemy-1.3.20-cp39-cp39-manylinux2010_x86_64.whl", hash = "sha256:be41d5de7a8e241864189b7530ca4aaf56a5204332caa70555c2d96379e18079"},
    {file = "SQLAlchemy-1.3.20-cp39-cp39-manylinux2014_aarch64.whl", hash = "sha256:1f5f369202912be72fdf9a8f25067a5ece31a2b38507bb869306f173336348da"},
    {file = "SQLAlchemy-1.3.20-cp39-cp39-win32.whl", hash = "sha256:0cca1844ba870e81c03633a99aa3dc62256fb96323431a5dec7d4e503c26372d"},
    {file = "SQLAlchemy-1.3.20-cp39-cp39-win_amd64.whl", hash = "sha256:d05cef4a164b44ffda58200efcb22355350979e000828479971ebca49b82ddb1"},
    {file = "SQLAlchemy-1.3.20.tar.gz", hash = "sha256:d2f25c7f410338d31666d7ddedfa67570900e248b940d186b48461bd4e5569a1"},
]
transaction = [
    {file = "transaction-3.0.0-py2.py3-none-any.whl", hash = "sha256:e0397e7733124e23a670cd3eee4096c197b48f1e14730d7cc7da868389f016b7"},
    {file = "transaction-3.0.0.tar.gz", hash = "sha256:3b0ad400cb7fa25f95d1516756c4c4557bb78890510f69393ad0bd15869eaa2d"},
]
translationstring = [
    {file = "translationstring-1.4-py2.py3-none-any.whl", hash = "sha256:5f4dc4d939573db851c8d840551e1a0fb27b946afe3b95aafc22577eed2d6262"},
    {file = "translationstring-1.4.tar.gz", hash = "sha256:bf947538d76e69ba12ab17283b10355a9ecfbc078e6123443f43f2107f6376f3"},
]
venusian = [
    {file = "venusian-3.0.0-py3-none-any.whl", hash = "sha256:06e7385786ad3a15c70740b2af8d30dfb063a946a851dcb4159f9e2a2302578f"},
    {file = "venusian-3.0.0.tar.gz", hash = "sha256:f6842b7242b1039c0c28f6feef29016e7e7dd3caaeb476a193acf737db31ee38"},
]
waitress = [
    {file = "waitress-1.4.4-py2.py3-none-any.whl", hash = "sha256:3d633e78149eb83b60a07dfabb35579c29aac2d24bb803c18b26fb2ab1a584db"},
    {file = "waitress-1.4.4.tar.gz", hash = "sha256:1bb436508a7487ac6cb097ae7a7fe5413aefca610550baf58f0940e51ecfb261"},
]
webob = [
    {file = "WebOb-1.8.6-py2.py3-none-any.whl", hash = "sha256:a3c89a8e9ba0aeb17382836cdb73c516d0ecf6630ec40ec28288f3ed459ce87b"},
    {file = "WebOb-1.8.6.tar.gz", hash = "sha256:aa3a917ed752ba3e0b242234b2a373f9c4e2a75d35291dcbe977649bd21fd108"},
]
zope-sqlalchemy = [
    {file = "zope.sqlalchemy-1.3-py2.py3-none-any.whl", hash = "sha256:607d65c7974b2aa586f0608ca740b03ddb582ad84ceb3545b55ad5a402fd6dff"},
    {file = "zope.sqlalchemy-1.3.tar.gz", hash = "sha256:b9c689d39d83856b5a81ac45dbd3317762bf6a2b576c5dd13aaa2c56e0168154"},
]
"zope.deprecation" = [
    {file = "zope.deprecation-4.4.0-py2.py3-none-any.whl", hash = "sha256:f1480b74995958b24ce37b0ef04d3663d2683e5d6debc96726eff18acf4ea113"},
    {file = "zope.deprecation-4.4.0.tar.gz", hash = "sha256:0d453338f04bacf91bbfba545d8bcdf529aa829e67b705eac8c1a7fdce66e2df"},
]
"zope.interface" = [
    {file = "zope.interface-5.1.2-cp27-cp27m-macosx_10_9_x86_64.whl", hash = "sha256:f718675fd071bcce4f7cbf9250cbaaf64e2e91ef1b0b32a1af596e7412647556"},
    {file = "zope.interface-5.1.2-cp27-cp27m-manylinux1_i686.whl", hash = "sha256:b10eb4d0a77609679bf5f23708e20b1cd461a1643bd8ea42b1ca4149b1a5406c"},
    {file = "zope.interface-5.1.2-cp27-cp27m-manylinux1_x86_64.whl", hash = "sha256:2c867914f7608674a555ac8daf20265644ac7be709e1da7d818089eebdfe544e"},
    {file = "zope.interface-5.1.2-cp27-cp27m-manylinux2010_i686.whl", hash = "sha256:f9d4bfbd015e4b80dbad11c97049975f94592a6a0440e903ee647309f6252a1f"},
    {file = "zope.interface-5.1.2-cp27-cp27m-manylinux2010_x86_64.whl", hash = "sha256:5ffe4e0753393bcbcfc9a58133ed3d3a584634cc7cc2e667f8e3e6fbcbb2155d"},
    {file = "zope.interface-5.1.2-cp27-cp27m-win32.whl", hash = "sha256:6e5b9a4bf133cf1887b4a04c21c10ca9f548114f19c83957b2820d5c84254940"},
    {file = "zope.interface-5.1.2-cp27-cp27m-win_amd64.whl", hash = "sha256:2eadac20711a795d3bb7a2bfc87c04091cb5274d9c3281b43088a1227099b662"},
    {file = "zope.interface-5.1.2-cp27-cp27mu-manylinux1_i686.whl", hash = "sha256:7750746421c4395e3d2cc3d805919f4f57bb9f2a9a0ccd955566a9341050a1b4"},
    {file = "zope.interface-5.1.2-cp27-cp27mu-manylinux1_x86_64.whl", hash = "sha256:663982381bd428a275a841009e52983cc69c471a4979ce01344fadbf72cf353d"},
    {file = "zope.interface-5.1.2-cp27-cp27mu-manylinux2010_i686.whl", hash = "sha256:d867998a56c5133b9d31992beb699892e33b72150a8bf40f86cb52b8c606c83f"},
    {file = "zope.interface-5.1.2-cp27-cp27mu-manylinux2010_x86_64.whl", hash = "sha256:5aab51b9c1af1b8a84f40aa49ffe1684d41810b18d6c3e94aa50194e0a563f01"},
    {file = "zope.interface-5.1.2-cp35-cp35m-macosx_10_6_intel.whl", hash = "sha256:121a9dccfe0c34be9c33b2c28225f0284f9b8e090580ffdff26c38fa16c7ffe1"},
    {file = "zope.interface-5.1.2-cp35-cp35m-manylinux1_i686.whl", hash = "sha256:fae50fc12a5e8541f6f1cc4ed744ca8f76a9543876cf63f618fb0e6aca8f8375"},
    {file = "zope.interface-5.1.2-cp35-cp35m-manylinux1_x86_64.whl", hash = "sha256:208e82f73b242275b8566ac07a25158e7b21fa2f14e642a7881048430612d1a6"},
    {file = "zope.interface-5.1.2-cp35-cp35m-manylinux2010_i686.whl", hash = "sha256:b274ac8e511b55ffb62e8292316bd2baa80c10e9fe811b1aa5ce81da6b6697d8"},
    {file = "zope.interface-5.1.2-cp35-cp35m-manylinux2010_x86_64.whl", hash = "sha256:fdedce3bc5360bd29d4bb90396e8d4d3c09af49bc0383909fe84c7233c5ee675"},
    {file = "zope.interface-5.1.2-cp35-cp35m-win32.whl", hash = "sha256:fcf9c8edda7f7b2fd78069e97f4197815df5e871ec47b0f22580d330c6dec561"},
    {file = "zope.interface-5.1.2-cp35-cp35m-win_amd64.whl", hash = "sha256:3ae8946d51789779f76e4fa326fd6676d8c19c1c3b4c4c5e9342807185264875"},
    {file = "zope.interface-5.1.2-cp36-cp36m-macosx_10_6_intel.whl", hash = "sha256:37999d5ebd5d7bcd32438b725ca3470df05a7de8b1e9c0395bef24296b31ca99"},
    {file = "zope.interface-5.1.2-cp36-cp36m-manylinux1_i686.whl", hash = "sha256:988f8b2281f3d95c66c01bdb141cefef1cc97db0d473c25c3fe2927ef00293b9"},
    {file = "zope.interface-5.1.2-cp36-cp36m-manylinux1_x86_64.whl", hash = "sha256:1d73d8986f948525536956ddd902e8a587a6846ebf4492117db16daba2865ddf"},
    {file = "zope.interface-5.1.2-cp36-cp36m-manylinux2010_i686.whl", hash = "sha256:9f56121d8a676802044584e6cc41250bbcde069d8adf725b9b817a6b0fd87f09"},
    {file = "zope.interface-5.1.2-cp36-cp36m-manylinux2010_x86_64.whl", hash = "sha256:590a40447ff3803c44050ce3c17c3958f11ca028dae3eacdd7b96775184394fa"},
    {file = "zope.interface-5.1.2-cp36-cp36m-win32.whl", hash = "sha256:5636cd7e60583b1608044ae4405e91575399430e66a5e1812f4bf30bcc55864e"},
    {file = "zope.interface-5.1.2-cp36-cp36m-win_amd64.whl", hash = "sha256:7fc8708bc996e50fc7a9a2ad394e1f015348e389da26789fa6916630237143d7"},
    {file = "zope.interface-5.1.2-cp37-cp37m-macosx_10_9_x86_64.whl", hash = "sha256:25ea6906f9987d42546329d06f9750e69f0ee62307a2e7092955ed0758e64f09"},
    {file = "zope.interface-5.1.2-cp37-cp37m-manylinux1_i686.whl", hash = "sha256:040f833694496065147e76581c0bf32b229a8b8c5eda120a0293afb008222387"},
    {file = "zope.interface-5.1.2-cp37-cp37m-manylinux1_x86_64.whl", hash = "sha256:a1cdd7390d7f66ddcebf545203ca3728c4890d605f9f2697bc8e31437906e8e7"},
    {file = "zope.interface-5.1.2-cp37-cp37m-manylinux2010_i686.whl", hash = "sha256:11198b44e4a3d8c7a80cc20bbdd65522258a4d82fe467cd310c9fcce8ffe2ed2"},
    {file = "zope.interface-5.1.2-cp37-cp37m-manylinux2010_x86_64.whl", hash = "sha256:6d06bf8e24dd6c473c4fbd8e16a83bd2e6d74add6ba25169043deb46d497b211"},
    {file = "zope.interface-5.1.2-cp37-cp37m-win32.whl", hash = "sha256:91abd2f080065a7c007540f6bbd93ef7bdbbffa6df4a4cfab3892d8623b83c98"},
    {file = "zope.interface-5.1.2-cp37-cp37m-win_amd64.whl", hash = "sha256:c75b502af2c83fcfa2ee9c2257c1ba5806634a91a50db6129ff70e67c42c7e7b"},
    {file = "zope.interface-5.1.2-cp38-cp38-macosx_10_9_x86_64.whl", hash = "sha256:70a2aed9615645bbe9d82c0f52bc7e676d2c0f8a63933d68418e0cb307f30536"},
    {file = "zope.interface-5.1.2-cp38-cp38-manylinux1_i686.whl", hash = "sha256:2557833df892558123d791d6ff80ac4a2a0351f69c7421c7d5f0c07db72c8865"},
    {file = "zope.interface-5.1.2-cp38-cp38-manylinux1_x86_64.whl", hash = "sha256:570e637cb6509998555f7e4af13006d89fad6c09cfc5c4795855385391063e4b"},
    {file = "zope.interface-5.1.2-cp38-cp38-manylinux2010_i686.whl", hash = "sha256:a0f51536ce6e817a7aa25b0dca8b62feb210d4dc22cabfe8d1a92d47979372cd"},
    {file = "zope.interface-5.1.2-cp38-cp38-manylinux2010_x86_64.whl", hash = "sha256:f61e6b95b414431ffe9dc460928fe9f351095fde074e2c2f5c6dda7b67a2192d"},
    {file = "zope.interface-5.1.2-cp38-cp38-win32.whl", hash = "sha256:15f3082575e7e19581a80b866664f843719b647a7f7189c811ba7f9ab3309f83"},
    {file = "zope.interface-5.1.2-cp38-cp38-win_amd64.whl", hash = "sha256:eb566cab630ec176b2d6115ed08b2cf4d921b47caa7f02cca1b4a9525223ee94"},
    {file = "zope.interface-5.1.2.tar.gz", hash = "sha256:c9c8e53a5472b77f6a391b515c771105011f4b40740ce53af8428d1c8ca20004"},
]
